{
  "name": "copious-blog-service",
  "version": "1.0.0",
  "lockfileVersion": 2,
  "requires": true,
  "packages": {
    "": {
      "name": "copious-blog-service",
      "version": "1.0.0",
      "license": "ISC",
      "dependencies": {
        "categorical-handlers": "^0.1.2",
        "xxhash-addon": "^1.3.0"
      }
    },
    "node_modules/categorical-handlers": {
      "version": "0.1.2",
      "resolved": "https://registry.npmjs.org/categorical-handlers/-/categorical-handlers-0.1.2.tgz",
      "integrity": "sha512-y056t8Lqrk2nydyO7l0upo42ORuy1q/2lPG9tQ2pQDhnxtzoLZ743yAPmi7b6MYz1gwFV4zICXUn8T2Aw3EYwA==",
      "dependencies": {
        "message-relay-services": "^0.3.0"
      }
    },
    "node_modules/message-relay-services": {
      "version": "0.3.0",
      "license": "ISC"
    },
    "node_modules/xxhash-addon": {
      "version": "1.3.0",
      "hasInstallScript": true,
      "license": "BSD-2-Clause",
      "engines": {
        "node": ">=8.6.0 <9.0.0 || >=10.0.0"
      }
    }
  },
  "dependencies": {
    "categorical-handlers": {
      "version": "0.1.2",
      "resolved": "https://registry.npmjs.org/categorical-handlers/-/categorical-handlers-0.1.2.tgz",
      "integrity": "sha512-y056t8Lqrk2nydyO7l0upo42ORuy1q/2lPG9tQ2pQDhnxtzoLZ743yAPmi7b6MYz1gwFV4zICXUn8T2Aw3EYwA==",
      "requires": {
        "message-relay-services": "^0.3.0"
      }
    },
    "message-relay-services": {
      "version": "0.3.0"
    },
    "xxhash-addon": {
      "version": "1.3.0"
    }
  }
}
