{
  "name": "copious-blog-service",
  "version": "1.0.0",
  "lockfileVersion": 2,
  "requires": true,
  "packages": {
    "": {
      "name": "copious-blog-service",
      "version": "1.0.0",
      "license": "ISC",
      "dependencies": {
        "categorical-handlers": "^0.1.5",
        "xxhash-addon": "^1.3.0"
      }
    },
    "node_modules/categorical-handlers": {
      "version": "0.1.5",
      "resolved": "https://registry.npmjs.org/categorical-handlers/-/categorical-handlers-0.1.5.tgz",
      "integrity": "sha512-ptS32gbzzUaNl0tiYZz4KjGuUU88acx/8AXgINqBuPXZ8zKKPgeCTQMH3lCHmEBkqxSUq99F+cOFfgxw2dPOVw==",
      "dependencies": {
        "message-relay-services": "^0.3.3"
      }
    },
    "node_modules/message-relay-services": {
      "version": "0.3.3",
      "resolved": "https://registry.npmjs.org/message-relay-services/-/message-relay-services-0.3.3.tgz",
      "integrity": "sha512-t23iaFf4llhAH6rijlCyLCv6LU55tMXJ8m5fM9G9nO4SaaP+u87hjkPU+wQacbGyMehTk5lhx4fqMnnvIZa6OQ=="
    },
    "node_modules/xxhash-addon": {
      "version": "1.4.0",
      "resolved": "https://registry.npmjs.org/xxhash-addon/-/xxhash-addon-1.4.0.tgz",
      "integrity": "sha512-n3Ml0Vgvy7jMYJBlQIoFLjYxXNZQ5CbzW8E2Ynq2QCUpWMqCouooW7j02+7Oud5FijBuSrjQNuN/fCiz1SHN+w==",
      "hasInstallScript": true,
      "engines": {
        "node": ">=8.6.0 <9.0.0 || >=10.0.0"
      }
    }
  },
  "dependencies": {
    "categorical-handlers": {
      "version": "0.1.5",
      "resolved": "https://registry.npmjs.org/categorical-handlers/-/categorical-handlers-0.1.5.tgz",
      "integrity": "sha512-ptS32gbzzUaNl0tiYZz4KjGuUU88acx/8AXgINqBuPXZ8zKKPgeCTQMH3lCHmEBkqxSUq99F+cOFfgxw2dPOVw==",
      "requires": {
        "message-relay-services": "^0.3.3"
      }
    },
    "message-relay-services": {
      "version": "0.3.3",
      "resolved": "https://registry.npmjs.org/message-relay-services/-/message-relay-services-0.3.3.tgz",
      "integrity": "sha512-t23iaFf4llhAH6rijlCyLCv6LU55tMXJ8m5fM9G9nO4SaaP+u87hjkPU+wQacbGyMehTk5lhx4fqMnnvIZa6OQ=="
    },
    "xxhash-addon": {
      "version": "1.4.0",
      "resolved": "https://registry.npmjs.org/xxhash-addon/-/xxhash-addon-1.4.0.tgz",
      "integrity": "sha512-n3Ml0Vgvy7jMYJBlQIoFLjYxXNZQ5CbzW8E2Ynq2QCUpWMqCouooW7j02+7Oud5FijBuSrjQNuN/fCiz1SHN+w=="
    }
  }
}
