{
  "name": "copious-blog-service",
  "version": "1.0.0",
  "lockfileVersion": 2,
  "requires": true,
  "packages": {
    "": {
      "name": "copious-blog-service",
      "version": "1.0.0",
      "license": "ISC",
      "dependencies": {
        "categorical-handlers": "^0.1.8",
        "xxhash-addon": "^1.3.0"
      }
    },
    "node_modules/categorical-handlers": {
      "version": "0.1.8",
      "resolved": "https://registry.npmjs.org/categorical-handlers/-/categorical-handlers-0.1.8.tgz",
      "integrity": "sha512-1wnZnoB4gJFxQrfE0jPkxsOdSNxa8kazSprHPq+sXf3F3h07cp+gzeZvmO+JxXzqRSBEincwRTdqfaCYohMgnw==",
      "dependencies": {
        "message-relay-services": "^0.3.8"
      }
    },
    "node_modules/message-relay-services": {
      "version": "0.3.8",
      "resolved": "https://registry.npmjs.org/message-relay-services/-/message-relay-services-0.3.8.tgz",
      "integrity": "sha512-w5q2OMVwoCWtzgzrvlW7IpGA35egruJEcibstVD1LMjN8pwobX3ezgQBYYecZllL1AQIIbDYohYHE7VEMQJ6nQ=="
    },
    "node_modules/xxhash-addon": {
      "version": "1.4.0",
      "resolved": "https://registry.npmjs.org/xxhash-addon/-/xxhash-addon-1.4.0.tgz",
      "integrity": "sha512-n3Ml0Vgvy7jMYJBlQIoFLjYxXNZQ5CbzW8E2Ynq2QCUpWMqCouooW7j02+7Oud5FijBuSrjQNuN/fCiz1SHN+w==",
      "hasInstallScript": true,
      "engines": {
        "node": ">=8.6.0 <9.0.0 || >=10.0.0"
      }
    }
  },
  "dependencies": {
    "categorical-handlers": {
      "version": "0.1.8",
      "resolved": "https://registry.npmjs.org/categorical-handlers/-/categorical-handlers-0.1.8.tgz",
      "integrity": "sha512-1wnZnoB4gJFxQrfE0jPkxsOdSNxa8kazSprHPq+sXf3F3h07cp+gzeZvmO+JxXzqRSBEincwRTdqfaCYohMgnw==",
      "requires": {
        "message-relay-services": "^0.3.8"
      }
    },
    "message-relay-services": {
      "version": "0.3.8",
      "resolved": "https://registry.npmjs.org/message-relay-services/-/message-relay-services-0.3.8.tgz",
      "integrity": "sha512-w5q2OMVwoCWtzgzrvlW7IpGA35egruJEcibstVD1LMjN8pwobX3ezgQBYYecZllL1AQIIbDYohYHE7VEMQJ6nQ=="
    },
    "xxhash-addon": {
      "version": "1.4.0",
      "resolved": "https://registry.npmjs.org/xxhash-addon/-/xxhash-addon-1.4.0.tgz",
      "integrity": "sha512-n3Ml0Vgvy7jMYJBlQIoFLjYxXNZQ5CbzW8E2Ynq2QCUpWMqCouooW7j02+7Oud5FijBuSrjQNuN/fCiz1SHN+w=="
    }
  }
}
